{
  "name": "bilal-sale",
  "lockfileVersion": 3,
  "requires": true,
  "packages": {
    "": {
      "dependencies": {
        "spooly-sdk": "^1.0.0-beta.0"
      }
    },
    "node_modules/spooly-sdk": {
      "version": "1.0.0-beta.0",
      "resolved": "https://registry.npmjs.org/spooly-sdk/-/spooly-sdk-1.0.0-beta.0.tgz",
      "integrity": "sha512-f8Zd5emuTgvXS6txIjysswH4ZsDY/PBfWGsLPLR3rjYiybqvAOSHCPpbHpIx0ioq6bonH0CsIHUYxnaNGJPauA=="
    }
  }
}
